
Microsoft Visual Studio Solution File, Format Version 12.00
# Visual Studio Version 17
VisualStudioVersion = 17.9.34728.123
MinimumVisualStudioVersion = 10.0.40219.1
Project("{9A19103F-16F7-4668-BE54-9A1E7A4F7556}") = "API", "API\API.csproj", "{60C47680-BD57-4519-8877-EA0E73BF5A01}"
EndProject
Project("{FAE04EC0-301F-11D3-BF4B-00C04F79EFBC}") = "ApiTests", "ApiTests\ApiTests.csproj", "{2D84F358-F6D1-4864-80DA-D4219468BF6F}"
EndProject
Global
	GlobalSection(SolutionConfigurationPlatforms) = preSolution
		Debug|Any CPU = Debug|Any CPU
		Release|Any CPU = Release|Any CPU
	EndGlobalSection
	GlobalSection(ProjectConfigurationPlatforms) = postSolution
		{60C47680-BD57-4519-8877-EA0E73BF5A01}.Debug|Any CPU.ActiveCfg = Debug|Any CPU
		{60C47680-BD57-4519-8877-EA0E73BF5A01}.Debug|Any CPU.Build.0 = Debug|Any CPU
		{60C47680-BD57-4519-8877-EA0E73BF5A01}.Release|Any CPU.ActiveCfg = Release|Any CPU
		{60C47680-BD57-4519-8877-EA0E73BF5A01}.Release|Any CPU.Build.0 = Release|Any CPU
		{2D84F358-F6D1-4864-80DA-D4219468BF6F}.Debug|Any CPU.ActiveCfg = Debug|Any CPU
		{2D84F358-F6D1-4864-80DA-D4219468BF6F}.Debug|Any CPU.Build.0 = Debug|Any CPU
		{2D84F358-F6D1-4864-80DA-D4219468BF6F}.Release|Any CPU.ActiveCfg = Release|Any CPU
		{2D84F358-F6D1-4864-80DA-D4219468BF6F}.Release|Any CPU.Build.0 = Release|Any CPU
	EndGlobalSection
	GlobalSection(SolutionProperties) = preSolution
		HideSolutionNode = FALSE
	EndGlobalSection
	GlobalSection(ExtensibilityGlobals) = postSolution
		SolutionGuid = {0D2C6DED-1F86-4A37-8E52-F9F8FA776399}
	EndGlobalSection
EndGlobal
